// !$*UTF8*$!
{
	archiveVersion = 1;
	classes = {
	};
	objectVersion = 50;
	objects = {

/* Begin PBXBuildFile section */
		0CF50C71236FA91000358F3E /* AppDelegate.swift in Sources */ = {isa = PBXBuildFile; fileRef = 0CF50C70236FA91000358F3E /* AppDelegate.swift */; };
		0CF50C73236FA91000358F3E /* SceneDelegate.swift in Sources */ = {isa = PBXBuildFile; fileRef = 0CF50C72236FA91000358F3E /* SceneDelegate.swift */; };
		0CF50C75236FA91000358F3E /* ContentView.swift in Sources */ = {isa = PBXBuildFile; fileRef = 0CF50C74236FA91000358F3E /* ContentView.swift */; };
		0CF50C77236FA91700358F3E /* Assets.xcassets in Resources */ = {isa = PBXBuildFile; fileRef = 0CF50C76236FA91700358F3E /* Assets.xcassets */; };
		0CF50C7A236FA91700358F3E /* Preview Assets.xcassets in Resources */ = {isa = PBXBuildFile; fileRef = 0CF50C79236FA91700358F3E /* Preview Assets.xcassets */; };
		0CF50C7D236FA91700358F3E /* LaunchScreen.storyboard in Resources */ = {isa = PBXBuildFile; fileRef = 0CF50C7B236FA91700358F3E /* LaunchScreen.storyboard */; };
		0CF50C88236FA91700358F3E /* assignment3Tests.swift in Sources */ = {isa = PBXBuildFile; fileRef = 0CF50C87236FA91700358F3E /* assignment3Tests.swift */; };
		0CF50C93236FA91700358F3E /* assignment3UITests.swift in Sources */ = {isa = PBXBuildFile; fileRef = 0CF50C92236FA91700358F3E /* assignment3UITests.swift */; };
/* End PBXBuildFile section */

/* Begin PBXContainerItemProxy section */
		0CF50C84236FA91700358F3E /* PBXContainerItemProxy */ = {
			isa = PBXContainerItemProxy;
			containerPortal = 0CF50C65236FA91000358F3E /* Project object */;
			proxyType = 1;
			remoteGlobalIDString = 0CF50C6C236FA91000358F3E;
			remoteInfo = assignment3;
		};
		0CF50C8F236FA91700358F3E /* PBXContainerItemProxy */ = {
			isa = PBXContainerItemProxy;
			containerPortal = 0CF50C65236FA91000358F3E /* Project object */;
			proxyType = 1;
			remoteGlobalIDString = 0CF50C6C236FA91000358F3E;
			remoteInfo = assignment3;
		};
/* End PBXContainerItemProxy section */

/* Begin PBXFileReference section */
		0CF50C6D236FA91000358F3E /* assignment3.app */ = {isa = PBXFileReference; explicitFileType = wrapper.application; includeInIndex = 0; path = assignment3.app; sourceTree = BUILT_PRODUCTS_DIR; };
		0CF50C70236FA91000358F3E /* AppDelegate.swift */ = {isa = PBXFileReference; lastKnownFileType = sourcecode.swift; path = AppDelegate.swift; sourceTree = "<group>"; };
		0CF50C72236FA91000358F3E /* SceneDelegate.swift */ = {isa = PBXFileReference; lastKnownFileType = sourcecode.swift; path = SceneDelegate.swift; sourceTree = "<group>"; };
		0CF50C74236FA91000358F3E /* ContentView.swift */ = {isa = PBXFileReference; lastKnownFileType = sourcecode.swift; path = ContentView.swift; sourceTree = "<group>"; };
		0CF50C76236FA91700358F3E /* Assets.xcassets */ = {isa = PBXFileReference; lastKnownFileType = folder.assetcatalog; path = Assets.xcassets; sourceTree = "<group>"; };
		0CF50C79236FA91700358F3E /* Preview Assets.xcassets */ = {isa = PBXFileReference; lastKnownFileType = folder.assetcatalog; path = "Preview Assets.xcassets"; sourceTree = "<group>"; };
		0CF50C7C236FA91700358F3E /* Base */ = {isa = PBXFileReference; lastKnownFileType = file.storyboard; name = Base; path = Base.lproj/LaunchScreen.storyboard; sourceTree = "<group>"; };
		0CF50C7E236FA91700358F3E /* Info.plist */ = {isa = PBXFileReference; lastKnownFileType = text.plist.xml; path = Info.plist; sourceTree = "<group>"; };
		0CF50C83236FA91700358F3E /* assignment3Tests.xctest */ = {isa = PBXFileReference; explicitFileType = wrapper.cfbundle; includeInIndex = 0; path = assignment3Tests.xctest; sourceTree = BUILT_PRODUCTS_DIR; };
		0CF50C87236FA91700358F3E /* assignment3Tests.swift */ = {isa = PBXFileReference; lastKnownFileType = sourcecode.swift; path = assignment3Tests.swift; sourceTree = "<group>"; };
		0CF50C89236FA91700358F3E /* Info.plist */ = {isa = PBXFileReference; lastKnownFileType = text.plist.xml; path = Info.plist; sourceTree = "<group>"; };
		0CF50C8E236FA91700358F3E /* assignment3UITests.xctest */ = {isa = PBXFileReference; explicitFileType = wrapper.cfbundle; includeInIndex = 0; path = assignment3UITests.xctest; sourceTree = BUILT_PRODUCTS_DIR; };
		0CF50C92236FA91700358F3E /* assignment3UITests.swift */ = {isa = PBXFileReference; lastKnownFileType = sourcecode.swift; path = assignment3UITests.swift; sourceTree = "<group>"; };
		0CF50C94236FA91700358F3E /* Info.plist */ = {isa = PBXFileReference; lastKnownFileType = text.plist.xml; path = Info.plist; sourceTree = "<group>"; };
/* End PBXFileReference section */

/* Begin PBXFrameworksBuildPhase section */
		0CF50C6A236FA91000358F3E /* Frameworks */ = {
			isa = PBXFrameworksBuildPhase;
			buildActionMask = 2147483647;
			files = (
			);
			runOnlyForDeploymentPostprocessing = 0;
		};
		0CF50C80236FA91700358F3E /* Frameworks */ = {
			isa = PBXFrameworksBuildPhase;
			buildActionMask = 2147483647;
			files = (
			);
			runOnlyForDeploymentPostprocessing = 0;
		};
		0CF50C8B236FA91700358F3E /* Frameworks */ = {
			isa = PBXFrameworksBuildPhase;
			buildActionMask = 2147483647;
			files = (
			);
			runOnlyForDeploymentPostprocessing = 0;
		};
/* End PBXFrameworksBuildPhase section */

/* Begin PBXGroup section */
		0CF50C64236FA91000358F3E = {
			isa = PBXGroup;
			children = (
				0CF50C6F236FA91000358F3E /* assignment3 */,
				0CF50C86236FA91700358F3E /* assignment3Tests */,
				0CF50C91236FA91700358F3E /* assignment3UITests */,
				0CF50C6E236FA91000358F3E /* Products */,
			);
			sourceTree = "<group>";
		};
		0CF50C6E236FA91000358F3E /* Products */ = {
			isa = PBXGroup;
			children = (
				0CF50C6D236FA91000358F3E /* assignment3.app */,
				0CF50C83236FA91700358F3E /* assignment3Tests.xctest */,
				0CF50C8E236FA91700358F3E /* assignment3UITests.xctest */,
			);
			name = Products;
			sourceTree = "<group>";
		};
		0CF50C6F236FA91000358F3E /* assignment3 */ = {
			isa = PBXGroup;
			children = (
				0CF50C70236FA91000358F3E /* AppDelegate.swift */,
				0CF50C72236FA91000358F3E /* SceneDelegate.swift */,
				0CF50C74236FA91000358F3E /* ContentView.swift */,
				0CF50C76236FA91700358F3E /* Assets.xcassets */,
				0CF50C7B236FA91700358F3E /* LaunchScreen.storyboard */,
				0CF50C7E236FA91700358F3E /* Info.plist */,
				0CF50C78236FA91700358F3E /* Preview Content */,
			);
			path = assignment3;
			sourceTree = "<group>";
		};
		0CF50C78236FA91700358F3E /* Preview Content */ = {
			isa = PBXGroup;
			children = (
				0CF50C79236FA91700358F3E /* Preview Assets.xcassets */,
			);
			path = "Preview Content";
			sourceTree = "<group>";
		};
		0CF50C86236FA91700358F3E /* assignment3Tests */ = {
			isa = PBXGroup;
			children = (
				0CF50C87236FA91700358F3E /* assignment3Tests.swift */,
				0CF50C89236FA91700358F3E /* Info.plist */,
			);
			path = assignment3Tests;
			sourceTree = "<group>";
		};
		0CF50C91236FA91700358F3E /* assignment3UITests */ = {
			isa = PBXGroup;
			children = (
				0CF50C92236FA91700358F3E /* assignment3UITests.swift */,
				0CF50C94236FA91700358F3E /* Info.plist */,
			);
			path = assignment3UITests;
			sourceTree = "<group>";
		};
/* End PBXGroup section */

/* Begin PBXNativeTarget section */
		0CF50C6C236FA91000358F3E /* assignment3 */ = {
			isa = PBXNativeTarget;
			buildConfigurationList = 0CF50C97236FA91800358F3E /* Build configuration list for PBXNativeTarget "assignment3" */;
			buildPhases = (
				0CF50C69236FA91000358F3E /* Sources */,
				0CF50C6A236FA91000358F3E /* Frameworks */,
				0CF50C6B236FA91000358F3E /* Resources */,
			);
			buildRules = (
			);
			dependencies = (
			);
			name = assignment3;
			productName = assignment3;
			productReference = 0CF50C6D236FA91000358F3E /* assignment3.app */;
			productType = "com.apple.product-type.application";
		};
		0CF50C82236FA91700358F3E /* assignment3Tests */ = {
			isa = PBXNativeTarget;
			buildConfigurationList = 0CF50C9A236FA91800358F3E /* Build configuration list for PBXNativeTarget "assignment3Tests" */;
			buildPhases = (
				0CF50C7F236FA91700358F3E /* Sources */,
				0CF50C80236FA91700358F3E /* Frameworks */,
				0CF50C81236FA91700358F3E /* Resources */,
			);
			buildRules = (
			);
			dependencies = (
				0CF50C85236FA91700358F3E /* PBXTargetDependency */,
			);
			name = assignment3Tests;
			productName = assignment3Tests;
			productReference = 0CF50C83236FA91700358F3E /* assignment3Tests.xctest */;
			productType = "com.apple.product-type.bundle.unit-test";
		};
		0CF50C8D236FA91700358F3E /* assignment3UITests */ = {
			isa = PBXNativeTarget;
			buildConfigurationList = 0CF50C9D236FA91800358F3E /* Build configuration list for PBXNativeTarget "assignment3UITests" */;
			buildPhases = (
				0CF50C8A236FA91700358F3E /* Sources */,
				0CF50C8B236FA91700358F3E /* Frameworks */,
				0CF50C8C236FA91700358F3E /* Resources */,
			);
			buildRules = (
			);
			dependencies = (
				0CF50C90236FA91700358F3E /* PBXTargetDependency */,
			);
			name = assignment3UITests;
			productName = assignment3UITests;
			productReference = 0CF50C8E236FA91700358F3E /* assignment3UITests.xctest */;
			productType = "com.apple.product-type.bundle.ui-testing";
		};
/* End PBXNativeTarget section */

/* Begin PBXProject section */
		0CF50C65236FA91000358F3E /* Project object */ = {
			isa = PBXProject;
			attributes = {
				LastSwiftUpdateCheck = 1120;
				LastUpgradeCheck = 1120;
				ORGANIZATIONNAME = "Michael Manning";
				TargetAttributes = {
					0CF50C6C236FA91000358F3E = {
						CreatedOnToolsVersion = 11.2;
					};
					0CF50C82236FA91700358F3E = {
						CreatedOnToolsVersion = 11.2;
						TestTargetID = 0CF50C6C236FA91000358F3E;
					};
					0CF50C8D236FA91700358F3E = {
						CreatedOnToolsVersion = 11.2;
						TestTargetID = 0CF50C6C236FA91000358F3E;
					};
				};
			};
			buildConfigurationList = 0CF50C68236FA91000358F3E /* Build configuration list for PBXProject "assignment3" */;
			compatibilityVersion = "Xcode 9.3";
			developmentRegion = en;
			hasScannedForEncodings = 0;
			knownRegions = (
				en,
				Base,
			);
			mainGroup = 0CF50C64236FA91000358F3E;
			productRefGroup = 0CF50C6E236FA91000358F3E /* Products */;
			projectDirPath = "";
			projectRoot = "";
			targets = (
				0CF50C6C236FA91000358F3E /* assignment3 */,
				0CF50C82236FA91700358F3E /* assignment3Tests */,
				0CF50C8D236FA91700358F3E /* assignment3UITests */,
			);
		};
/* End PBXProject section */

/* Begin PBXResourcesBuildPhase section */
		0CF50C6B236FA91000358F3E /* Resources */ = {
			isa = PBXResourcesBuildPhase;
			buildActionMask = 2147483647;
			files = (
				0CF50C7D236FA91700358F3E /* LaunchScreen.storyboard in Resources */,
				0CF50C7A236FA91700358F3E /* Preview Assets.xcassets in Resources */,
				0CF50C77236FA91700358F3E /* Assets.xcassets in Resources */,
			);
			runOnlyForDeploymentPostprocessing = 0;
		};
		0CF50C81236FA91700358F3E /* Resources */ = {
			isa = PBXResourcesBuildPhase;
			buildActionMask = 2147483647;
			files = (
			);
			runOnlyForDeploymentPostprocessing = 0;
		};
		0CF50C8C236FA91700358F3E /* Resources */ = {
			isa = PBXResourcesBuildPhase;
			buildActionMask = 2147483647;
			files = (
			);
			runOnlyForDeploymentPostprocessing = 0;
		};
/* End PBXResourcesBuildPhase section */

/* Begin PBXSourcesBuildPhase section */
		0CF50C69236FA91000358F3E /* Sources */ = {
			isa = PBXSourcesBuildPhase;
			buildActionMask = 2147483647;
			files = (
				0CF50C71236FA91000358F3E /* AppDelegate.swift in Sources */,
				0CF50C73236FA91000358F3E /* SceneDelegate.swift in Sources */,
				0CF50C75236FA91000358F3E /* ContentView.swift in Sources */,
			);
			runOnlyForDeploymentPostprocessing = 0;
		};
		0CF50C7F236FA91700358F3E /* Sources */ = {
			isa = PBXSourcesBuildPhase;
			buildActionMask = 2147483647;
			files = (
				0CF50C88236FA91700358F3E /* assignment3Tests.swift in Sources */,
			);
			runOnlyForDeploymentPostprocessing = 0;
		};
		0CF50C8A236FA91700358F3E /* Sources */ = {
			isa = PBXSourcesBuildPhase;
			buildActionMask = 2147483647;
			files = (
				0CF50C93236FA91700358F3E /* assignment3UITests.swift in Sources */,
			);
			runOnlyForDeploymentPostprocessing = 0;
		};
/* End PBXSourcesBuildPhase section */

/* Begin PBXTargetDependency section */
		0CF50C85236FA91700358F3E /* PBXTargetDependency */ = {
			isa = PBXTargetDependency;
			target = 0CF50C6C236FA91000358F3E /* assignment3 */;
			targetProxy = 0CF50C84236FA91700358F3E /* PBXContainerItemProxy */;
		};
		0CF50C90236FA91700358F3E /* PBXTargetDependency */ = {
			isa = PBXTargetDependency;
			target = 0CF50C6C236FA91000358F3E /* assignment3 */;
			targetProxy = 0CF50C8F236FA91700358F3E /* PBXContainerItemProxy */;
		};
/* End PBXTargetDependency section */

/* Begin PBXVariantGroup section */
		0CF50C7B236FA91700358F3E /* LaunchScreen.storyboard */ = {
			isa = PBXVariantGroup;
			children = (
				0CF50C7C236FA91700358F3E /* Base */,
			);
			name = LaunchScreen.storyboard;
			sourceTree = "<group>";
		};
/* End PBXVariantGroup section */

/* Begin XCBuildConfiguration section */
		0CF50C95236FA91700358F3E /* Debug */ = {
			isa = XCBuildConfiguration;
			buildSettings = {
				ALWAYS_SEARCH_USER_PATHS = NO;
				CLANG_ANALYZER_NONNULL = YES;
				CLANG_ANALYZER_NUMBER_OBJECT_CONVERSION = YES_AGGRESSIVE;
				CLANG_CXX_LANGUAGE_STANDARD = "gnu++14";
				CLANG_CXX_LIBRARY = "libc++";
				CLANG_ENABLE_MODULES = YES;
				CLANG_ENABLE_OBJC_ARC = YES;
				CLANG_ENABLE_OBJC_WEAK = YES;
				CLANG_WARN_BLOCK_CAPTURE_AUTORELEASING = YES;
				CLANG_WARN_BOOL_CONVERSION = YES;
				CLANG_WARN_COMMA = YES;
				CLANG_WARN_CONSTANT_CONVERSION = YES;
				CLANG_WARN_DEPRECATED_OBJC_IMPLEMENTATIONS = YES;
				CLANG_WARN_DIRECT_OBJC_ISA_USAGE = YES_ERROR;
				CLANG_WARN_DOCUMENTATION_COMMENTS = YES;
				CLANG_WARN_EMPTY_BODY = YES;
				CLANG_WARN_ENUM_CONVERSION = YES;
				CLANG_WARN_INFINITE_RECURSION = YES;
				CLANG_WARN_INT_CONVERSION = YES;
				CLANG_WARN_NON_LITERAL_NULL_CONVERSION = YES;
				CLANG_WARN_OBJC_IMPLICIT_RETAIN_SELF = YES;
				CLANG_WARN_OBJC_LITERAL_CONVERSION = YES;
				CLANG_WARN_OBJC_ROOT_CLASS = YES_ERROR;
				CLANG_WARN_RANGE_LOOP_ANALYSIS = YES;
				CLANG_WARN_STRICT_PROTOTYPES = YES;
				CLANG_WARN_SUSPICIOUS_MOVE = YES;
				CLANG_WARN_UNGUARDED_AVAILABILITY = YES_AGGRESSIVE;
				CLANG_WARN_UNREACHABLE_CODE = YES;
				CLANG_WARN__DUPLICATE_METHOD_MATCH = YES;
				COPY_PHASE_STRIP = NO;
				DEBUG_INFORMATION_FORMAT = dwarf;
				ENABLE_STRICT_OBJC_MSGSEND = YES;
				ENABLE_TESTABILITY = YES;
				GCC_C_LANGUAGE_STANDARD = gnu11;
				GCC_DYNAMIC_NO_PIC = NO;
				GCC_NO_COMMON_BLOCKS = YES;
				GCC_OPTIMIZATION_LEVEL = 0;
				GCC_PREPROCESSOR_DEFINITIONS = (
					"DEBUG=1",
					"$(inherited)",
				);
				GCC_WARN_64_TO_32_BIT_CONVERSION = YES;
				GCC_WARN_ABOUT_RETURN_TYPE = YES_ERROR;
				GCC_WARN_UNDECLARED_SELECTOR = YES;
				GCC_WARN_UNINITIALIZED_AUTOS = YES_AGGRESSIVE;
				GCC_WARN_UNUSED_FUNCTION = YES;
				GCC_WARN_UNUSED_VARIABLE = YES;
				IPHONEOS_DEPLOYMENT_TARGET = 13.2;
				MTL_ENABLE_DEBUG_INFO = INCLUDE_SOURCE;
				MTL_FAST_MATH = YES;
				ONLY_ACTIVE_ARCH = YES;
				SDKROOT = iphoneos;
				SWIFT_ACTIVE_COMPILATION_CONDITIONS = DEBUG;
				SWIFT_OPTIMIZATION_LEVEL = "-Onone";
			};
			name = Debug;
		};
		0CF50C96236FA91700358F3E /* Release */ = {
			isa = XCBuildConfiguration;
			buildSettings = {
				ALWAYS_SEARCH_USER_PATHS = NO;
				CLANG_ANALYZER_NONNULL = YES;
				CLANG_ANALYZER_NUMBER_OBJECT_CONVERSION = YES_AGGRESSIVE;
				CLANG_CXX_LANGUAGE_STANDARD = "gnu++14";
				CLANG_CXX_LIBRARY = "libc++";
				CLANG_ENABLE_MODULES = YES;
				CLANG_ENABLE_OBJC_ARC = YES;
				CLANG_ENABLE_OBJC_WEAK = YES;
				CLANG_WARN_BLOCK_CAPTURE_AUTORELEASING = YES;
				CLANG_WARN_BOOL_CONVERSION = YES;
				CLANG_WARN_COMMA = YES;
				CLANG_WARN_CONSTANT_CONVERSION = YES;
				CLANG_WARN_DEPRECATED_OBJC_IMPLEMENTATIONS = YES;
				CLANG_WARN_DIRECT_OBJC_ISA_USAGE = YES_ERROR;
				CLANG_WARN_DOCUMENTATION_COMMENTS = YES;
				CLANG_WARN_EMPTY_BODY = YES;
				CLANG_WARN_ENUM_CONVERSION = YES;
				CLANG_WARN_INFINITE_RECURSION = YES;
				CLANG_WARN_INT_CONVERSION = YES;
				CLANG_WARN_NON_LITERAL_NULL_CONVERSION = YES;
				CLANG_WARN_OBJC_IMPLICIT_RETAIN_SELF = YES;
				CLANG_WARN_OBJC_LITERAL_CONVERSION = YES;
				CLANG_WARN_OBJC_ROOT_CLASS = YES_ERROR;
				CLANG_WARN_RANGE_LOOP_ANALYSIS = YES;
				CLANG_WARN_STRICT_PROTOTYPES = YES;
				CLANG_WARN_SUSPICIOUS_MOVE = YES;
				CLANG_WARN_UNGUARDED_AVAILABILITY = YES_AGGRESSIVE;
				CLANG_WARN_UNREACHABLE_CODE = YES;
				CLANG_WARN__DUPLICATE_METHOD_MATCH = YES;
				COPY_PHASE_STRIP = NO;
				DEBUG_INFORMATION_FORMAT = "dwarf-with-dsym";
				ENABLE_NS_ASSERTIONS = NO;
				ENABLE_STRICT_OBJC_MSGSEND = YES;
				GCC_C_LANGUAGE_STANDARD = gnu11;
				GCC_NO_COMMON_BLOCKS = YES;
				GCC_WARN_64_TO_32_BIT_CONVERSION = YES;
				GCC_WARN_ABOUT_RETURN_TYPE = YES_ERROR;
				GCC_WARN_UNDECLARED_SELECTOR = YES;
				GCC_WARN_UNINITIALIZED_AUTOS = YES_AGGRESSIVE;
				GCC_WARN_UNUSED_FUNCTION = YES;
				GCC_WARN_UNUSED_VARIABLE = YES;
				IPHONEOS_DEPLOYMENT_TARGET = 13.2;
				MTL_ENABLE_DEBUG_INFO = NO;
				MTL_FAST_MATH = YES;
				SDKROOT = iphoneos;
				SWIFT_COMPILATION_MODE = wholemodule;
				SWIFT_OPTIMIZATION_LEVEL = "-O";
				VALIDATE_PRODUCT = YES;
			};
			name = Release;
		};
		0CF50C98236FA91800358F3E /* Debug */ = {
			isa = XCBuildConfiguration;
			buildSettings = {
				ASSETCATALOG_COMPILER_APPICON_NAME = AppIcon;
				CODE_SIGN_STYLE = Automatic;
				DEVELOPMENT_ASSET_PATHS = "\"assignment3/Preview Content\"";
				ENABLE_PREVIEWS = YES;
				INFOPLIST_FILE = assignment3/Info.plist;
				LD_RUNPATH_SEARCH_PATHS = (
					"$(inherited)",
					"@executable_path/Frameworks",
				);
				PRODUCT_BUNDLE_IDENTIFIER = mikex.assignment3;
				PRODUCT_NAME = "$(TARGET_NAME)";
				SWIFT_VERSION = 5.0;
				TARGETED_DEVICE_FAMILY = "1,2";
			};
			name = Debug;
		};
		0CF50C99236FA91800358F3E /* Release */ = {
			isa = XCBuildConfiguration;
			buildSettings = {
				ASSETCATALOG_COMPILER_APPICON_NAME = AppIcon;
				CODE_SIGN_STYLE = Automatic;
				DEVELOPMENT_ASSET_PATHS = "\"assignment3/Preview Content\"";
				ENABLE_PREVIEWS = YES;
				INFOPLIST_FILE = assignment3/Info.plist;
				LD_RUNPATH_SEARCH_PATHS = (
					"$(inherited)",
					"@executable_path/Frameworks",
				);
				PRODUCT_BUNDLE_IDENTIFIER = mikex.assignment3;
				PRODUCT_NAME = "$(TARGET_NAME)";
				SWIFT_VERSION = 5.0;
				TARGETED_DEVICE_FAMILY = "1,2";
			};
			name = Release;
		};
		0CF50C9B236FA91800358F3E /* Debug */ = {
			isa = XCBuildConfiguration;
			buildSettings = {
				ALWAYS_EMBED_SWIFT_STANDARD_LIBRARIES = YES;
				BUNDLE_LOADER = "$(TEST_HOST)";
				CODE_SIGN_STYLE = Automatic;
				INFOPLIST_FILE = assignment3Tests/Info.plist;
				IPHONEOS_DEPLOYMENT_TARGET = 13.2;
				LD_RUNPATH_SEARCH_PATHS = (
					"$(inherited)",
					"@executable_path/Frameworks",
					"@loader_path/Frameworks",
				);
				PRODUCT_BUNDLE_IDENTIFIER = mikex.assignment3Tests;
				PRODUCT_NAME = "$(TARGET_NAME)";
				SWIFT_VERSION = 5.0;
				TARGETED_DEVICE_FAMILY = "1,2";
				TEST_HOST = "$(BUILT_PRODUCTS_DIR)/assignment3.app/assignment3";
			};
			name = Debug;
		};
		0CF50C9C236FA91800358F3E /* Release */ = {
			isa = XCBuildConfiguration;
			buildSettings = {
				ALWAYS_EMBED_SWIFT_STANDARD_LIBRARIES = YES;
				BUNDLE_LOADER = "$(TEST_HOST)";
				CODE_SIGN_STYLE = Automatic;
				INFOPLIST_FILE = assignment3Tests/Info.plist;
				IPHONEOS_DEPLOYMENT_TARGET = 13.2;
				LD_RUNPATH_SEARCH_PATHS = (
					"$(inherited)",
					"@executable_path/Frameworks",
					"@loader_path/Frameworks",
				);
				PRODUCT_BUNDLE_IDENTIFIER = mikex.assignment3Tests;
				PRODUCT_NAME = "$(TARGET_NAME)";
				SWIFT_VERSION = 5.0;
				TARGETED_DEVICE_FAMILY = "1,2";
				TEST_HOST = "$(BUILT_PRODUCTS_DIR)/assignment3.app/assignment3";
			};
			name = Release;
		};
		0CF50C9E236FA91800358F3E /* Debug */ = {
			isa = XCBuildConfiguration;
			buildSettings = {
				ALWAYS_EMBED_SWIFT_STANDARD_LIBRARIES = YES;
				CODE_SIGN_STYLE = Automatic;
				INFOPLIST_FILE = assignment3UITests/Info.plist;
				LD_RUNPATH_SEARCH_PATHS = (
					"$(inherited)",
					"@executable_path/Frameworks",
					"@loader_path/Frameworks",
				);
				PRODUCT_BUNDLE_IDENTIFIER = mikex.assignment3UITests;
				PRODUCT_NAME = "$(TARGET_NAME)";
				SWIFT_VERSION = 5.0;
				TARGETED_DEVICE_FAMILY = "1,2";
				TEST_TARGET_NAME = assignment3;
			};
			name = Debug;
		};
		0CF50C9F236FA91800358F3E /* Release */ = {
			isa = XCBuildConfiguration;
			buildSettings = {
				ALWAYS_EMBED_SWIFT_STANDARD_LIBRARIES = YES;
				CODE_SIGN_STYLE = Automatic;
				INFOPLIST_FILE = assignment3UITests/Info.plist;
				LD_RUNPATH_SEARCH_PATHS = (
					"$(inherited)",
					"@executable_path/Frameworks",
					"@loader_path/Frameworks",
				);
				PRODUCT_BUNDLE_IDENTIFIER = mikex.assignment3UITests;
				PRODUCT_NAME = "$(TARGET_NAME)";
				SWIFT_VERSION = 5.0;
				TARGETED_DEVICE_FAMILY = "1,2";
				TEST_TARGET_NAME = assignment3;
			};
			name = Release;
		};
/* End XCBuildConfiguration section */

/* Begin XCConfigurationList section */
		0CF50C68236FA91000358F3E /* Build configuration list for PBXProject "assignment3" */ = {
			isa = XCConfigurationList;
			buildConfigurations = (
				0CF50C95236FA91700358F3E /* Debug */,
				0CF50C96236FA91700358F3E /* Release */,
			);
			defaultConfigurationIsVisible = 0;
			defaultConfigurationName = Release;
		};
		0CF50C97236FA91800358F3E /* Build configuration list for PBXNativeTarget "assignment3" */ = {
			isa = XCConfigurationList;
			buildConfigurations = (
				0CF50C98236FA91800358F3E /* Debug */,
				0CF50C99236FA91800358F3E /* Release */,
			);
			defaultConfigurationIsVisible = 0;
			defaultConfigurationName = Release;
		};
		0CF50C9A236FA91800358F3E /* Build configuration list for PBXNativeTarget "assignment3Tests" */ = {
			isa = XCConfigurationList;
			buildConfigurations = (
				0CF50C9B236FA91800358F3E /* Debug */,
				0CF50C9C236FA91800358F3E /* Release */,
			);
			defaultConfigurationIsVisible = 0;
			defaultConfigurationName = Release;
		};
		0CF50C9D236FA91800358F3E /* Build configuration list for PBXNativeTarget "assignment3UITests" */ = {
			isa = XCConfigurationList;
			buildConfigurations = (
				0CF50C9E236FA91800358F3E /* Debug */,
				0CF50C9F236FA91800358F3E /* Release */,
			);
			defaultConfigurationIsVisible = 0;
			defaultConfigurationName = Release;
		};
/* End XCConfigurationList section */
	};
	rootObject = 0CF50C65236FA91000358F3E /* Project object */;
}
